<?xml version="1.0" encoding="utf-8"?>
<Project ToolsVersion="4.0" xmlns="http://schemas.microsoft.com/developer/msbuild/2003">
  <ItemGroup>
    <Filter Include="winsrc">
      <UniqueIdentifier>{7f60c61a-63bd-4623-97da-50b7c5934d07}</UniqueIdentifier>
    </Filter>
    <Filter Include="dfsound">
      <UniqueIdentifier>{de115a9f-f76e-4f24-a883-2ad4be594713}</UniqueIdentifier>
    </Filter>
  </ItemGroup>
  <ItemGroup>
    <ClCompile Include="winsrc\cfg.c">
      <Filter>winsrc</Filter>
    </ClCompile>
    <ClCompile Include="winsrc\debug.c">
      <Filter>winsrc</Filter>
    </ClCompile>
    <ClCompile Include="winsrc\dsound.c">
      <Filter>winsrc</Filter>
    </ClCompile>
    <ClCompile Include="winsrc\psemu.c">
      <Filter>winsrc</Filter>
    </ClCompile>
    <ClCompile Include="winsrc\record.c">
      <Filter>winsrc</Filter>
    </ClCompile>
    <ClCompile Include="winsrc\winmain.c">
      <Filter>winsrc</Filter>
    </ClCompile>
    <ClCompile Include="..\adsr.c">
      <Filter>dfsound</Filter>
    </ClCompile>
    <ClCompile Include="..\dma.c">
      <Filter>dfsound</Filter>
    </ClCompile>
    <ClCompile Include="..\externals.c">
      <Filter>dfsound</Filter>
    </ClCompile>
    <ClCompile Include="..\freeze.c">
      <Filter>dfsound</Filter>
    </ClCompile>
    <ClCompile Include="..\registers.c">
      <Filter>dfsound</Filter>
    </ClCompile>
    <ClCompile Include="..\reverb.c">
      <Filter>dfsound</Filter>
    </ClCompile>
    <ClCompile Include="..\spu.c">
      <Filter>dfsound</Filter>
    </ClCompile>
    <ClCompile Include="..\xa.c">
      <Filter>dfsound</Filter>
    </ClCompile>
  </ItemGroup>
  <ItemGroup>
    <ClInclude Include="winsrc\debug.h">
      <Filter>winsrc</Filter>
    </ClInclude>
    <ClInclude Include="winsrc\dsound.h">
      <Filter>winsrc</Filter>
    </ClInclude>
    <ClInclude Include="winsrc\record.h">
      <Filter>winsrc</Filter>
    </ClInclude>
    <ClInclude Include="..\adsr.h">
      <Filter>dfsound</Filter>
    </ClInclude>
    <ClInclude Include="..\dma.h">
      <Filter>dfsound</Filter>
    </ClInclude>
    <ClInclude Include="..\dsoundoss.h">
      <Filter>dfsound</Filter>
    </ClInclude>
    <ClInclude Include="..\externals.h">
      <Filter>dfsound</Filter>
    </ClInclude>
    <ClInclude Include="..\gauss_i.h">
      <Filter>dfsound</Filter>
    </ClInclude>
    <ClInclude Include="..\psemuxa.h">
      <Filter>dfsound</Filter>
    </ClInclude>
    <ClInclude Include="..\registers.h">
      <Filter>dfsound</Filter>
    </ClInclude>
    <ClInclude Include="..\regs.h">
      <Filter>dfsound</Filter>
    </ClInclude>
    <ClInclude Include="..\reverb.h">
      <Filter>dfsound</Filter>
    </ClInclude>
    <ClInclude Include="..\spu.h">
      <Filter>dfsound</Filter>
    </ClInclude>
    <ClInclude Include="..\stdafx.h">
      <Filter>dfsound</Filter>
    </ClInclude>
    <ClInclude Include="..\xa.h">
      <Filter>dfsound</Filter>
    </ClInclude>
    <ClInclude Include="resource.h" />
  </ItemGroup>
  <ItemGroup>
    <None Include="DFSound.def" />
  </ItemGroup>
  <ItemGroup>
    <ResourceCompile Include="DFSound.rc" />
  </ItemGroup>
</Project>