<?xml version="1.0" encoding="utf-8"?>
<Project ToolsVersion="4.0" xmlns="http://schemas.microsoft.com/developer/msbuild/2003">
  <ItemGroup>
    <Filter Include="winsrc">
      <UniqueIdentifier>{f5923236-a28e-4398-a152-67b79b0782e8}</UniqueIdentifier>
    </Filter>
    <Filter Include="peopsxgl">
      <UniqueIdentifier>{2edeb7e0-6467-4735-89eb-253dcc226912}</UniqueIdentifier>
    </Filter>
  </ItemGroup>
  <ItemGroup>
    <ClCompile Include="winsrc\cfg.c">
      <Filter>winsrc</Filter>
    </ClCompile>
    <ClCompile Include="winsrc\fps.c">
      <Filter>winsrc</Filter>
    </ClCompile>
    <ClCompile Include="winsrc\key.c">
      <Filter>winsrc</Filter>
    </ClCompile>
    <ClCompile Include="winsrc\ssave.c">
      <Filter>winsrc</Filter>
    </ClCompile>
    <ClCompile Include="winsrc\winmain.c">
      <Filter>winsrc</Filter>
    </ClCompile>
    <ClCompile Include="..\draw.c">
      <Filter>peopsxgl</Filter>
    </ClCompile>
    <ClCompile Include="..\gpu.c">
      <Filter>peopsxgl</Filter>
    </ClCompile>
    <ClCompile Include="..\gte_accuracy.c">
      <Filter>peopsxgl</Filter>
    </ClCompile>
    <ClCompile Include="..\menu.c">
      <Filter>peopsxgl</Filter>
    </ClCompile>
    <ClCompile Include="..\prim.c">
      <Filter>peopsxgl</Filter>
    </ClCompile>
    <ClCompile Include="..\soft.c">
      <Filter>peopsxgl</Filter>
    </ClCompile>
    <ClCompile Include="..\texture.c">
      <Filter>peopsxgl</Filter>
    </ClCompile>
  </ItemGroup>
  <ItemGroup>
    <ClInclude Include="winsrc\ssave.h">
      <Filter>winsrc</Filter>
    </ClInclude>
    <ClInclude Include="..\cfg.h">
      <Filter>peopsxgl</Filter>
    </ClInclude>
    <ClInclude Include="..\draw.h">
      <Filter>peopsxgl</Filter>
    </ClInclude>
    <ClInclude Include="..\externals.h">
      <Filter>peopsxgl</Filter>
    </ClInclude>
    <ClInclude Include="..\fps.h">
      <Filter>peopsxgl</Filter>
    </ClInclude>
    <ClInclude Include="..\gl_ext.h">
      <Filter>peopsxgl</Filter>
    </ClInclude>
    <ClInclude Include="..\gpu.h">
      <Filter>peopsxgl</Filter>
    </ClInclude>
    <ClInclude Include="..\gte_accuracy.h">
      <Filter>peopsxgl</Filter>
    </ClInclude>
    <ClInclude Include="..\key.h">
      <Filter>peopsxgl</Filter>
    </ClInclude>
    <ClInclude Include="..\menu.h">
      <Filter>peopsxgl</Filter>
    </ClInclude>
    <ClInclude Include="..\prim.h">
      <Filter>peopsxgl</Filter>
    </ClInclude>
    <ClInclude Include="..\soft.h">
      <Filter>peopsxgl</Filter>
    </ClInclude>
    <ClInclude Include="..\stdafx.h">
      <Filter>peopsxgl</Filter>
    </ClInclude>
    <ClInclude Include="..\texture.h">
      <Filter>peopsxgl</Filter>
    </ClInclude>
    <ClInclude Include="resource.h" />
  </ItemGroup>
  <ItemGroup>
    <None Include="res\gpu.bmp" />
    <None Include="gpuPeopsOpenGL.def" />
  </ItemGroup>
  <ItemGroup>
    <ResourceCompile Include="gpuPeopsOpenGL.rc" />
  </ItemGroup>
</Project>